{
  "requires": true,
  "lockfileVersion": 1,
  "dependencies": {
    "cordova-plugin-splashscreen": {
      "version": "6.0.0",
      "resolved": "https://registry.npmjs.org/cordova-plugin-splashscreen/-/cordova-plugin-splashscreen-6.0.0.tgz",
      "integrity": "sha512-pm4ZtJKQY4bCGXVeIInbGrXilryTevYSKgfvoQJpW9UClOWKAxSsYf2/4G2u1vcn492svOSL42OSa2MhujBWEQ=="
    },
    "cordova-plugin-whitelist": {
      "version": "1.3.4",
      "resolved": "https://registry.npmjs.org/cordova-plugin-whitelist/-/cordova-plugin-whitelist-1.3.4.tgz",
      "integrity": "sha512-EYC5eQFVkoYXq39l7tYKE6lEjHJ04mvTmKXxGL7quHLdFPfJMNzru/UYpn92AOfpl3PQaZmou78C7EgmFOwFQQ==",
      "dev": true
    }
  }
}
